
Microsoft Visual Studio Solution File, Format Version 12.00
# Visual Studio Version 17
Project("{2150E333-8FDC-42A3-9474-1A3956D46DE8}") = "CMakePredefinedTargets", "CMakePredefinedTargets", "{F108FC24-AC2C-37AE-B25E-0EC1A9D658DB}"
EndProject
Project("{2150E333-8FDC-42A3-9474-1A3956D46DE8}") = "External", "External", "{9D157C2A-87AC-32DE-8FC8-69DCF8A87B19}"
EndProject
Project("{2150E333-8FDC-42A3-9474-1A3956D46DE8}") = "Internal", "Internal", "{8D26719E-616B-3490-85F4-9626EFFD8B20}"
EndProject
Project("{8BC9CEB8-8B4A-11D0-8D11-00A0C91BC942}") = "ALL_BUILD", "ALL_BUILD.vcxproj", "{23ACA648-81F7-3909-BA21-99011680C1D2}"
	ProjectSection(ProjectDependencies) = postProject
		{C38DEC57-8897-3D78-BE12-A4F3FB968EE0} = {C38DEC57-8897-3D78-BE12-A4F3FB968EE0}
		{46FD0C34-14E1-35B2-B6A6-2F1CB581451B} = {46FD0C34-14E1-35B2-B6A6-2F1CB581451B}
		{09CBF31B-514E-3F7F-AE9E-46205A89ADD1} = {09CBF31B-514E-3F7F-AE9E-46205A89ADD1}
		{6667A598-CE87-3FC2-9A83-F8A09CE71C7B} = {6667A598-CE87-3FC2-9A83-F8A09CE71C7B}
		{31BB5EC5-B121-3E95-9EAE-9199F77461B4} = {31BB5EC5-B121-3E95-9EAE-9199F77461B4}
		{1A0E3F2F-3A4B-3E7D-8953-5C7F048EB94F} = {1A0E3F2F-3A4B-3E7D-8953-5C7F048EB94F}
		{41B9B423-7EDA-3670-AA6C-9C0B3C959FDE} = {41B9B423-7EDA-3670-AA6C-9C0B3C959FDE}
		{E623B074-653D-38BB-AE8D-7C3DC45F46AE} = {E623B074-653D-38BB-AE8D-7C3DC45F46AE}
		{E14EA21F-77C9-33F9-A1FB-6597946F66C2} = {E14EA21F-77C9-33F9-A1FB-6597946F66C2}
		{1520296B-33F7-39D8-8858-46044B0CD721} = {1520296B-33F7-39D8-8858-46044B0CD721}
		{62A69AFD-7D52-3E54-A04E-50BDFDBB0F92} = {62A69AFD-7D52-3E54-A04E-50BDFDBB0F92}
		{196CB3BF-8F7B-3DCB-AB64-775C0D92F9BE} = {196CB3BF-8F7B-3DCB-AB64-775C0D92F9BE}
		{DDA508E6-7D47-34F2-8F1E-73B8ECA9B541} = {DDA508E6-7D47-34F2-8F1E-73B8ECA9B541}
	EndProjectSection
EndProject
Project("{8BC9CEB8-8B4A-11D0-8D11-00A0C91BC942}") = "ZERO_CHECK", "..\..\..\\ZERO_CHECK.vcxproj", "{C38DEC57-8897-3D78-BE12-A4F3FB968EE0}"
	ProjectSection(ProjectDependencies) = postProject
	EndProjectSection
EndProject
Project("{8BC9CEB8-8B4A-11D0-8D11-00A0C91BC942}") = "cocos2d", "cocos2d.vcxproj", "{46FD0C34-14E1-35B2-B6A6-2F1CB581451B}"
	ProjectSection(ProjectDependencies) = postProject
		{C38DEC57-8897-3D78-BE12-A4F3FB968EE0} = {C38DEC57-8897-3D78-BE12-A4F3FB968EE0}
		{09CBF31B-514E-3F7F-AE9E-46205A89ADD1} = {09CBF31B-514E-3F7F-AE9E-46205A89ADD1}
		{6667A598-CE87-3FC2-9A83-F8A09CE71C7B} = {6667A598-CE87-3FC2-9A83-F8A09CE71C7B}
		{31BB5EC5-B121-3E95-9EAE-9199F77461B4} = {31BB5EC5-B121-3E95-9EAE-9199F77461B4}
		{1A0E3F2F-3A4B-3E7D-8953-5C7F048EB94F} = {1A0E3F2F-3A4B-3E7D-8953-5C7F048EB94F}
		{41B9B423-7EDA-3670-AA6C-9C0B3C959FDE} = {41B9B423-7EDA-3670-AA6C-9C0B3C959FDE}
		{E623B074-653D-38BB-AE8D-7C3DC45F46AE} = {E623B074-653D-38BB-AE8D-7C3DC45F46AE}
		{E14EA21F-77C9-33F9-A1FB-6597946F66C2} = {E14EA21F-77C9-33F9-A1FB-6597946F66C2}
		{1520296B-33F7-39D8-8858-46044B0CD721} = {1520296B-33F7-39D8-8858-46044B0CD721}
		{62A69AFD-7D52-3E54-A04E-50BDFDBB0F92} = {62A69AFD-7D52-3E54-A04E-50BDFDBB0F92}
		{196CB3BF-8F7B-3DCB-AB64-775C0D92F9BE} = {196CB3BF-8F7B-3DCB-AB64-775C0D92F9BE}
		{DDA508E6-7D47-34F2-8F1E-73B8ECA9B541} = {DDA508E6-7D47-34F2-8F1E-73B8ECA9B541}
	EndProjectSection
EndProject
Project("{8BC9CEB8-8B4A-11D0-8D11-00A0C91BC942}") = "ext_clipper", "..\..\external\clipper\ext_clipper.vcxproj", "{09CBF31B-514E-3F7F-AE9E-46205A89ADD1}"
	ProjectSection(ProjectDependencies) = postProject
		{C38DEC57-8897-3D78-BE12-A4F3FB968EE0} = {C38DEC57-8897-3D78-BE12-A4F3FB968EE0}
	EndProjectSection
EndProject
Project("{8BC9CEB8-8B4A-11D0-8D11-00A0C91BC942}") = "ext_convertUTF", "..\..\external\ConvertUTF\ext_convertUTF.vcxproj", "{6667A598-CE87-3FC2-9A83-F8A09CE71C7B}"
	ProjectSection(ProjectDependencies) = postProject
		{C38DEC57-8897-3D78-BE12-A4F3FB968EE0} = {C38DEC57-8897-3D78-BE12-A4F3FB968EE0}
	EndProjectSection
EndProject
Project("{8BC9CEB8-8B4A-11D0-8D11-00A0C91BC942}") = "ext_edtaa3func", "..\..\external\edtaa3func\ext_edtaa3func.vcxproj", "{31BB5EC5-B121-3E95-9EAE-9199F77461B4}"
	ProjectSection(ProjectDependencies) = postProject
		{C38DEC57-8897-3D78-BE12-A4F3FB968EE0} = {C38DEC57-8897-3D78-BE12-A4F3FB968EE0}
	EndProjectSection
EndProject
Project("{8BC9CEB8-8B4A-11D0-8D11-00A0C91BC942}") = "ext_md5", "..\..\external\md5\ext_md5.vcxproj", "{1A0E3F2F-3A4B-3E7D-8953-5C7F048EB94F}"
	ProjectSection(ProjectDependencies) = postProject
		{C38DEC57-8897-3D78-BE12-A4F3FB968EE0} = {C38DEC57-8897-3D78-BE12-A4F3FB968EE0}
	EndProjectSection
EndProject
Project("{8BC9CEB8-8B4A-11D0-8D11-00A0C91BC942}") = "ext_poly2tri", "..\..\external\poly2tri\ext_poly2tri.vcxproj", "{41B9B423-7EDA-3670-AA6C-9C0B3C959FDE}"
	ProjectSection(ProjectDependencies) = postProject
		{C38DEC57-8897-3D78-BE12-A4F3FB968EE0} = {C38DEC57-8897-3D78-BE12-A4F3FB968EE0}
	EndProjectSection
EndProject
Project("{8BC9CEB8-8B4A-11D0-8D11-00A0C91BC942}") = "ext_recast", "..\..\external\recast\ext_recast.vcxproj", "{E623B074-653D-38BB-AE8D-7C3DC45F46AE}"
	ProjectSection(ProjectDependencies) = postProject
		{C38DEC57-8897-3D78-BE12-A4F3FB968EE0} = {C38DEC57-8897-3D78-BE12-A4F3FB968EE0}
	EndProjectSection
EndProject
Project("{8BC9CEB8-8B4A-11D0-8D11-00A0C91BC942}") = "ext_tinyxml2", "..\..\external\tinyxml2\ext_tinyxml2.vcxproj", "{E14EA21F-77C9-33F9-A1FB-6597946F66C2}"
	ProjectSection(ProjectDependencies) = postProject
		{C38DEC57-8897-3D78-BE12-A4F3FB968EE0} = {C38DEC57-8897-3D78-BE12-A4F3FB968EE0}
	EndProjectSection
EndProject
Project("{8BC9CEB8-8B4A-11D0-8D11-00A0C91BC942}") = "ext_unzip", "..\..\external\unzip\ext_unzip.vcxproj", "{1520296B-33F7-39D8-8858-46044B0CD721}"
	ProjectSection(ProjectDependencies) = postProject
		{C38DEC57-8897-3D78-BE12-A4F3FB968EE0} = {C38DEC57-8897-3D78-BE12-A4F3FB968EE0}
	EndProjectSection
EndProject
Project("{8BC9CEB8-8B4A-11D0-8D11-00A0C91BC942}") = "ext_xxhash", "..\..\external\xxhash\ext_xxhash.vcxproj", "{62A69AFD-7D52-3E54-A04E-50BDFDBB0F92}"
	ProjectSection(ProjectDependencies) = postProject
		{C38DEC57-8897-3D78-BE12-A4F3FB968EE0} = {C38DEC57-8897-3D78-BE12-A4F3FB968EE0}
	EndProjectSection
EndProject
Project("{8BC9CEB8-8B4A-11D0-8D11-00A0C91BC942}") = "ext_xxtea", "..\..\external\xxtea\ext_xxtea.vcxproj", "{196CB3BF-8F7B-3DCB-AB64-775C0D92F9BE}"
	ProjectSection(ProjectDependencies) = postProject
		{C38DEC57-8897-3D78-BE12-A4F3FB968EE0} = {C38DEC57-8897-3D78-BE12-A4F3FB968EE0}
	EndProjectSection
EndProject
Project("{8BC9CEB8-8B4A-11D0-8D11-00A0C91BC942}") = "external", "..\..\external\external.vcxproj", "{DDA508E6-7D47-34F2-8F1E-73B8ECA9B541}"
	ProjectSection(ProjectDependencies) = postProject
		{C38DEC57-8897-3D78-BE12-A4F3FB968EE0} = {C38DEC57-8897-3D78-BE12-A4F3FB968EE0}
		{09CBF31B-514E-3F7F-AE9E-46205A89ADD1} = {09CBF31B-514E-3F7F-AE9E-46205A89ADD1}
		{6667A598-CE87-3FC2-9A83-F8A09CE71C7B} = {6667A598-CE87-3FC2-9A83-F8A09CE71C7B}
		{31BB5EC5-B121-3E95-9EAE-9199F77461B4} = {31BB5EC5-B121-3E95-9EAE-9199F77461B4}
		{1A0E3F2F-3A4B-3E7D-8953-5C7F048EB94F} = {1A0E3F2F-3A4B-3E7D-8953-5C7F048EB94F}
		{41B9B423-7EDA-3670-AA6C-9C0B3C959FDE} = {41B9B423-7EDA-3670-AA6C-9C0B3C959FDE}
		{E623B074-653D-38BB-AE8D-7C3DC45F46AE} = {E623B074-653D-38BB-AE8D-7C3DC45F46AE}
		{E14EA21F-77C9-33F9-A1FB-6597946F66C2} = {E14EA21F-77C9-33F9-A1FB-6597946F66C2}
		{1520296B-33F7-39D8-8858-46044B0CD721} = {1520296B-33F7-39D8-8858-46044B0CD721}
		{62A69AFD-7D52-3E54-A04E-50BDFDBB0F92} = {62A69AFD-7D52-3E54-A04E-50BDFDBB0F92}
		{196CB3BF-8F7B-3DCB-AB64-775C0D92F9BE} = {196CB3BF-8F7B-3DCB-AB64-775C0D92F9BE}
	EndProjectSection
EndProject
Global
	GlobalSection(SolutionConfigurationPlatforms) = preSolution
		Debug|Win32 = Debug|Win32
		Release|Win32 = Release|Win32
		MinSizeRel|Win32 = MinSizeRel|Win32
		RelWithDebInfo|Win32 = RelWithDebInfo|Win32
	EndGlobalSection
	GlobalSection(ProjectConfigurationPlatforms) = postSolution
		{23ACA648-81F7-3909-BA21-99011680C1D2}.Debug|Win32.ActiveCfg = Debug|Win32
		{23ACA648-81F7-3909-BA21-99011680C1D2}.Release|Win32.ActiveCfg = Release|Win32
		{23ACA648-81F7-3909-BA21-99011680C1D2}.MinSizeRel|Win32.ActiveCfg = MinSizeRel|Win32
		{23ACA648-81F7-3909-BA21-99011680C1D2}.RelWithDebInfo|Win32.ActiveCfg = RelWithDebInfo|Win32
		{C38DEC57-8897-3D78-BE12-A4F3FB968EE0}.Debug|Win32.ActiveCfg = Debug|Win32
		{C38DEC57-8897-3D78-BE12-A4F3FB968EE0}.Debug|Win32.Build.0 = Debug|Win32
		{C38DEC57-8897-3D78-BE12-A4F3FB968EE0}.Release|Win32.ActiveCfg = Release|Win32
		{C38DEC57-8897-3D78-BE12-A4F3FB968EE0}.Release|Win32.Build.0 = Release|Win32
		{C38DEC57-8897-3D78-BE12-A4F3FB968EE0}.MinSizeRel|Win32.ActiveCfg = MinSizeRel|Win32
		{C38DEC57-8897-3D78-BE12-A4F3FB968EE0}.MinSizeRel|Win32.Build.0 = MinSizeRel|Win32
		{C38DEC57-8897-3D78-BE12-A4F3FB968EE0}.RelWithDebInfo|Win32.ActiveCfg = RelWithDebInfo|Win32
		{C38DEC57-8897-3D78-BE12-A4F3FB968EE0}.RelWithDebInfo|Win32.Build.0 = RelWithDebInfo|Win32
		{46FD0C34-14E1-35B2-B6A6-2F1CB581451B}.Debug|Win32.ActiveCfg = Debug|Win32
		{46FD0C34-14E1-35B2-B6A6-2F1CB581451B}.Debug|Win32.Build.0 = Debug|Win32
		{46FD0C34-14E1-35B2-B6A6-2F1CB581451B}.Release|Win32.ActiveCfg = Release|Win32
		{46FD0C34-14E1-35B2-B6A6-2F1CB581451B}.Release|Win32.Build.0 = Release|Win32
		{46FD0C34-14E1-35B2-B6A6-2F1CB581451B}.MinSizeRel|Win32.ActiveCfg = MinSizeRel|Win32
		{46FD0C34-14E1-35B2-B6A6-2F1CB581451B}.MinSizeRel|Win32.Build.0 = MinSizeRel|Win32
		{46FD0C34-14E1-35B2-B6A6-2F1CB581451B}.RelWithDebInfo|Win32.ActiveCfg = RelWithDebInfo|Win32
		{46FD0C34-14E1-35B2-B6A6-2F1CB581451B}.RelWithDebInfo|Win32.Build.0 = RelWithDebInfo|Win32
		{09CBF31B-514E-3F7F-AE9E-46205A89ADD1}.Debug|Win32.ActiveCfg = Debug|Win32
		{09CBF31B-514E-3F7F-AE9E-46205A89ADD1}.Debug|Win32.Build.0 = Debug|Win32
		{09CBF31B-514E-3F7F-AE9E-46205A89ADD1}.Release|Win32.ActiveCfg = Release|Win32
		{09CBF31B-514E-3F7F-AE9E-46205A89ADD1}.Release|Win32.Build.0 = Release|Win32
		{09CBF31B-514E-3F7F-AE9E-46205A89ADD1}.MinSizeRel|Win32.ActiveCfg = MinSizeRel|Win32
		{09CBF31B-514E-3F7F-AE9E-46205A89ADD1}.MinSizeRel|Win32.Build.0 = MinSizeRel|Win32
		{09CBF31B-514E-3F7F-AE9E-46205A89ADD1}.RelWithDebInfo|Win32.ActiveCfg = RelWithDebInfo|Win32
		{09CBF31B-514E-3F7F-AE9E-46205A89ADD1}.RelWithDebInfo|Win32.Build.0 = RelWithDebInfo|Win32
		{6667A598-CE87-3FC2-9A83-F8A09CE71C7B}.Debug|Win32.ActiveCfg = Debug|Win32
		{6667A598-CE87-3FC2-9A83-F8A09CE71C7B}.Debug|Win32.Build.0 = Debug|Win32
		{6667A598-CE87-3FC2-9A83-F8A09CE71C7B}.Release|Win32.ActiveCfg = Release|Win32
		{6667A598-CE87-3FC2-9A83-F8A09CE71C7B}.Release|Win32.Build.0 = Release|Win32
		{6667A598-CE87-3FC2-9A83-F8A09CE71C7B}.MinSizeRel|Win32.ActiveCfg = MinSizeRel|Win32
		{6667A598-CE87-3FC2-9A83-F8A09CE71C7B}.MinSizeRel|Win32.Build.0 = MinSizeRel|Win32
		{6667A598-CE87-3FC2-9A83-F8A09CE71C7B}.RelWithDebInfo|Win32.ActiveCfg = RelWithDebInfo|Win32
		{6667A598-CE87-3FC2-9A83-F8A09CE71C7B}.RelWithDebInfo|Win32.Build.0 = RelWithDebInfo|Win32
		{31BB5EC5-B121-3E95-9EAE-9199F77461B4}.Debug|Win32.ActiveCfg = Debug|Win32
		{31BB5EC5-B121-3E95-9EAE-9199F77461B4}.Debug|Win32.Build.0 = Debug|Win32
		{31BB5EC5-B121-3E95-9EAE-9199F77461B4}.Release|Win32.ActiveCfg = Release|Win32
		{31BB5EC5-B121-3E95-9EAE-9199F77461B4}.Release|Win32.Build.0 = Release|Win32
		{31BB5EC5-B121-3E95-9EAE-9199F77461B4}.MinSizeRel|Win32.ActiveCfg = MinSizeRel|Win32
		{31BB5EC5-B121-3E95-9EAE-9199F77461B4}.MinSizeRel|Win32.Build.0 = MinSizeRel|Win32
		{31BB5EC5-B121-3E95-9EAE-9199F77461B4}.RelWithDebInfo|Win32.ActiveCfg = RelWithDebInfo|Win32
		{31BB5EC5-B121-3E95-9EAE-9199F77461B4}.RelWithDebInfo|Win32.Build.0 = RelWithDebInfo|Win32
		{1A0E3F2F-3A4B-3E7D-8953-5C7F048EB94F}.Debug|Win32.ActiveCfg = Debug|Win32
		{1A0E3F2F-3A4B-3E7D-8953-5C7F048EB94F}.Debug|Win32.Build.0 = Debug|Win32
		{1A0E3F2F-3A4B-3E7D-8953-5C7F048EB94F}.Release|Win32.ActiveCfg = Release|Win32
		{1A0E3F2F-3A4B-3E7D-8953-5C7F048EB94F}.Release|Win32.Build.0 = Release|Win32
		{1A0E3F2F-3A4B-3E7D-8953-5C7F048EB94F}.MinSizeRel|Win32.ActiveCfg = MinSizeRel|Win32
		{1A0E3F2F-3A4B-3E7D-8953-5C7F048EB94F}.MinSizeRel|Win32.Build.0 = MinSizeRel|Win32
		{1A0E3F2F-3A4B-3E7D-8953-5C7F048EB94F}.RelWithDebInfo|Win32.ActiveCfg = RelWithDebInfo|Win32
		{1A0E3F2F-3A4B-3E7D-8953-5C7F048EB94F}.RelWithDebInfo|Win32.Build.0 = RelWithDebInfo|Win32
		{41B9B423-7EDA-3670-AA6C-9C0B3C959FDE}.Debug|Win32.ActiveCfg = Debug|Win32
		{41B9B423-7EDA-3670-AA6C-9C0B3C959FDE}.Debug|Win32.Build.0 = Debug|Win32
		{41B9B423-7EDA-3670-AA6C-9C0B3C959FDE}.Release|Win32.ActiveCfg = Release|Win32
		{41B9B423-7EDA-3670-AA6C-9C0B3C959FDE}.Release|Win32.Build.0 = Release|Win32
		{41B9B423-7EDA-3670-AA6C-9C0B3C959FDE}.MinSizeRel|Win32.ActiveCfg = MinSizeRel|Win32
		{41B9B423-7EDA-3670-AA6C-9C0B3C959FDE}.MinSizeRel|Win32.Build.0 = MinSizeRel|Win32
		{41B9B423-7EDA-3670-AA6C-9C0B3C959FDE}.RelWithDebInfo|Win32.ActiveCfg = RelWithDebInfo|Win32
		{41B9B423-7EDA-3670-AA6C-9C0B3C959FDE}.RelWithDebInfo|Win32.Build.0 = RelWithDebInfo|Win32
		{E623B074-653D-38BB-AE8D-7C3DC45F46AE}.Debug|Win32.ActiveCfg = Debug|Win32
		{E623B074-653D-38BB-AE8D-7C3DC45F46AE}.Debug|Win32.Build.0 = Debug|Win32
		{E623B074-653D-38BB-AE8D-7C3DC45F46AE}.Release|Win32.ActiveCfg = Release|Win32
		{E623B074-653D-38BB-AE8D-7C3DC45F46AE}.Release|Win32.Build.0 = Release|Win32
		{E623B074-653D-38BB-AE8D-7C3DC45F46AE}.MinSizeRel|Win32.ActiveCfg = MinSizeRel|Win32
		{E623B074-653D-38BB-AE8D-7C3DC45F46AE}.MinSizeRel|Win32.Build.0 = MinSizeRel|Win32
		{E623B074-653D-38BB-AE8D-7C3DC45F46AE}.RelWithDebInfo|Win32.ActiveCfg = RelWithDebInfo|Win32
		{E623B074-653D-38BB-AE8D-7C3DC45F46AE}.RelWithDebInfo|Win32.Build.0 = RelWithDebInfo|Win32
		{E14EA21F-77C9-33F9-A1FB-6597946F66C2}.Debug|Win32.ActiveCfg = Debug|Win32
		{E14EA21F-77C9-33F9-A1FB-6597946F66C2}.Debug|Win32.Build.0 = Debug|Win32
		{E14EA21F-77C9-33F9-A1FB-6597946F66C2}.Release|Win32.ActiveCfg = Release|Win32
		{E14EA21F-77C9-33F9-A1FB-6597946F66C2}.Release|Win32.Build.0 = Release|Win32
		{E14EA21F-77C9-33F9-A1FB-6597946F66C2}.MinSizeRel|Win32.ActiveCfg = MinSizeRel|Win32
		{E14EA21F-77C9-33F9-A1FB-6597946F66C2}.MinSizeRel|Win32.Build.0 = MinSizeRel|Win32
		{E14EA21F-77C9-33F9-A1FB-6597946F66C2}.RelWithDebInfo|Win32.ActiveCfg = RelWithDebInfo|Win32
		{E14EA21F-77C9-33F9-A1FB-6597946F66C2}.RelWithDebInfo|Win32.Build.0 = RelWithDebInfo|Win32
		{1520296B-33F7-39D8-8858-46044B0CD721}.Debug|Win32.ActiveCfg = Debug|Win32
		{1520296B-33F7-39D8-8858-46044B0CD721}.Debug|Win32.Build.0 = Debug|Win32
		{1520296B-33F7-39D8-8858-46044B0CD721}.Release|Win32.ActiveCfg = Release|Win32
		{1520296B-33F7-39D8-8858-46044B0CD721}.Release|Win32.Build.0 = Release|Win32
		{1520296B-33F7-39D8-8858-46044B0CD721}.MinSizeRel|Win32.ActiveCfg = MinSizeRel|Win32
		{1520296B-33F7-39D8-8858-46044B0CD721}.MinSizeRel|Win32.Build.0 = MinSizeRel|Win32
		{1520296B-33F7-39D8-8858-46044B0CD721}.RelWithDebInfo|Win32.ActiveCfg = RelWithDebInfo|Win32
		{1520296B-33F7-39D8-8858-46044B0CD721}.RelWithDebInfo|Win32.Build.0 = RelWithDebInfo|Win32
		{62A69AFD-7D52-3E54-A04E-50BDFDBB0F92}.Debug|Win32.ActiveCfg = Debug|Win32
		{62A69AFD-7D52-3E54-A04E-50BDFDBB0F92}.Debug|Win32.Build.0 = Debug|Win32
		{62A69AFD-7D52-3E54-A04E-50BDFDBB0F92}.Release|Win32.ActiveCfg = Release|Win32
		{62A69AFD-7D52-3E54-A04E-50BDFDBB0F92}.Release|Win32.Build.0 = Release|Win32
		{62A69AFD-7D52-3E54-A04E-50BDFDBB0F92}.MinSizeRel|Win32.ActiveCfg = MinSizeRel|Win32
		{62A69AFD-7D52-3E54-A04E-50BDFDBB0F92}.MinSizeRel|Win32.Build.0 = MinSizeRel|Win32
		{62A69AFD-7D52-3E54-A04E-50BDFDBB0F92}.RelWithDebInfo|Win32.ActiveCfg = RelWithDebInfo|Win32
		{62A69AFD-7D52-3E54-A04E-50BDFDBB0F92}.RelWithDebInfo|Win32.Build.0 = RelWithDebInfo|Win32
		{196CB3BF-8F7B-3DCB-AB64-775C0D92F9BE}.Debug|Win32.ActiveCfg = Debug|Win32
		{196CB3BF-8F7B-3DCB-AB64-775C0D92F9BE}.Debug|Win32.Build.0 = Debug|Win32
		{196CB3BF-8F7B-3DCB-AB64-775C0D92F9BE}.Release|Win32.ActiveCfg = Release|Win32
		{196CB3BF-8F7B-3DCB-AB64-775C0D92F9BE}.Release|Win32.Build.0 = Release|Win32
		{196CB3BF-8F7B-3DCB-AB64-775C0D92F9BE}.MinSizeRel|Win32.ActiveCfg = MinSizeRel|Win32
		{196CB3BF-8F7B-3DCB-AB64-775C0D92F9BE}.MinSizeRel|Win32.Build.0 = MinSizeRel|Win32
		{196CB3BF-8F7B-3DCB-AB64-775C0D92F9BE}.RelWithDebInfo|Win32.ActiveCfg = RelWithDebInfo|Win32
		{196CB3BF-8F7B-3DCB-AB64-775C0D92F9BE}.RelWithDebInfo|Win32.Build.0 = RelWithDebInfo|Win32
		{DDA508E6-7D47-34F2-8F1E-73B8ECA9B541}.Debug|Win32.ActiveCfg = Debug|Win32
		{DDA508E6-7D47-34F2-8F1E-73B8ECA9B541}.Debug|Win32.Build.0 = Debug|Win32
		{DDA508E6-7D47-34F2-8F1E-73B8ECA9B541}.Release|Win32.ActiveCfg = Release|Win32
		{DDA508E6-7D47-34F2-8F1E-73B8ECA9B541}.Release|Win32.Build.0 = Release|Win32
		{DDA508E6-7D47-34F2-8F1E-73B8ECA9B541}.MinSizeRel|Win32.ActiveCfg = MinSizeRel|Win32
		{DDA508E6-7D47-34F2-8F1E-73B8ECA9B541}.MinSizeRel|Win32.Build.0 = MinSizeRel|Win32
		{DDA508E6-7D47-34F2-8F1E-73B8ECA9B541}.RelWithDebInfo|Win32.ActiveCfg = RelWithDebInfo|Win32
		{DDA508E6-7D47-34F2-8F1E-73B8ECA9B541}.RelWithDebInfo|Win32.Build.0 = RelWithDebInfo|Win32
	EndGlobalSection
	GlobalSection(NestedProjects) = preSolution
		{23ACA648-81F7-3909-BA21-99011680C1D2} = {F108FC24-AC2C-37AE-B25E-0EC1A9D658DB}
		{C38DEC57-8897-3D78-BE12-A4F3FB968EE0} = {F108FC24-AC2C-37AE-B25E-0EC1A9D658DB}
		{09CBF31B-514E-3F7F-AE9E-46205A89ADD1} = {9D157C2A-87AC-32DE-8FC8-69DCF8A87B19}
		{6667A598-CE87-3FC2-9A83-F8A09CE71C7B} = {9D157C2A-87AC-32DE-8FC8-69DCF8A87B19}
		{31BB5EC5-B121-3E95-9EAE-9199F77461B4} = {9D157C2A-87AC-32DE-8FC8-69DCF8A87B19}
		{1A0E3F2F-3A4B-3E7D-8953-5C7F048EB94F} = {9D157C2A-87AC-32DE-8FC8-69DCF8A87B19}
		{41B9B423-7EDA-3670-AA6C-9C0B3C959FDE} = {9D157C2A-87AC-32DE-8FC8-69DCF8A87B19}
		{E623B074-653D-38BB-AE8D-7C3DC45F46AE} = {9D157C2A-87AC-32DE-8FC8-69DCF8A87B19}
		{E14EA21F-77C9-33F9-A1FB-6597946F66C2} = {9D157C2A-87AC-32DE-8FC8-69DCF8A87B19}
		{1520296B-33F7-39D8-8858-46044B0CD721} = {9D157C2A-87AC-32DE-8FC8-69DCF8A87B19}
		{62A69AFD-7D52-3E54-A04E-50BDFDBB0F92} = {9D157C2A-87AC-32DE-8FC8-69DCF8A87B19}
		{196CB3BF-8F7B-3DCB-AB64-775C0D92F9BE} = {9D157C2A-87AC-32DE-8FC8-69DCF8A87B19}
		{DDA508E6-7D47-34F2-8F1E-73B8ECA9B541} = {9D157C2A-87AC-32DE-8FC8-69DCF8A87B19}
		{46FD0C34-14E1-35B2-B6A6-2F1CB581451B} = {8D26719E-616B-3490-85F4-9626EFFD8B20}
	EndGlobalSection
	GlobalSection(ExtensibilityGlobals) = postSolution
		SolutionGuid = {1A164FDA-DAA5-3394-A382-3E1AE6A5E6E0}
	EndGlobalSection
	GlobalSection(ExtensibilityAddIns) = postSolution
	EndGlobalSection
EndGlobal
